
Microsoft Visual Studio Solution File, Format Version 12.00
# Visual Studio Version 17
VisualStudioVersion = 17.2.32516.85
MinimumVisualStudioVersion = 10.0.40219.1
Project("{8BC9CEB8-8B4A-11D0-8D11-00A0C91BC942}") = "Print out of personal information", "Print out of personal information.vcxproj", "{BE79FCCF-653A-4BE9-9389-3661C6489703}"
EndProject
Global
	GlobalSection(SolutionConfigurationPlatforms) = preSolution
		Debug|x64 = Debug|x64
		Debug|x86 = Debug|x86
		Release|x64 = Release|x64
		Release|x86 = Release|x86
	EndGlobalSection
	GlobalSection(ProjectConfigurationPlatforms) = postSolution
		{BE79FCCF-653A-4BE9-9389-3661C6489703}.Debug|x64.ActiveCfg = Debug|x64
		{BE79FCCF-653A-4BE9-9389-3661C6489703}.Debug|x64.Build.0 = Debug|x64
		{BE79FCCF-653A-4BE9-9389-3661C6489703}.Debug|x86.ActiveCfg = Debug|Win32
		{BE79FCCF-653A-4BE9-9389-3661C6489703}.Debug|x86.Build.0 = Debug|Win32
		{BE79FCCF-653A-4BE9-9389-3661C6489703}.Release|x64.ActiveCfg = Release|x64
		{BE79FCCF-653A-4BE9-9389-3661C6489703}.Release|x64.Build.0 = Release|x64
		{BE79FCCF-653A-4BE9-9389-3661C6489703}.Release|x86.ActiveCfg = Release|Win32
		{BE79FCCF-653A-4BE9-9389-3661C6489703}.Release|x86.Build.0 = Release|Win32
	EndGlobalSection
	GlobalSection(SolutionProperties) = preSolution
		HideSolutionNode = FALSE
	EndGlobalSection
	GlobalSection(ExtensibilityGlobals) = postSolution
		SolutionGuid = {784175F7-BC54-4020-A44F-D539E17A154D}
	EndGlobalSection
EndGlobal
